
Microsoft Visual Studio Solution File, Format Version 12.00
# Visual Studio Version 16
VisualStudioVersion = 16.0.31004.235
MinimumVisualStudioVersion = 10.0.40219.1
Project("{9A19103F-16F7-4668-BE54-9A1E7A4F7556}") = "WeContract", "WeContract\WeContract.csproj", "{2F4D4E17-3B01-48F5-8453-8FEA0CAE7F88}"
EndProject
Project("{9A19103F-16F7-4668-BE54-9A1E7A4F7556}") = "WeContractLib", "WeContractLib\WeContractLib.csproj", "{A3FAD2C7-706F-45FC-8FB9-F0EC21092158}"
EndProject
Global
	GlobalSection(SolutionConfigurationPlatforms) = preSolution
		Debug|Any CPU = Debug|Any CPU
		Release|Any CPU = Release|Any CPU
	EndGlobalSection
	GlobalSection(ProjectConfigurationPlatforms) = postSolution
		{2F4D4E17-3B01-48F5-8453-8FEA0CAE7F88}.Debug|Any CPU.ActiveCfg = Debug|Any CPU
		{2F4D4E17-3B01-48F5-8453-8FEA0CAE7F88}.Debug|Any CPU.Build.0 = Debug|Any CPU
		{2F4D4E17-3B01-48F5-8453-8FEA0CAE7F88}.Release|Any CPU.ActiveCfg = Release|Any CPU
		{2F4D4E17-3B01-48F5-8453-8FEA0CAE7F88}.Release|Any CPU.Build.0 = Release|Any CPU
		{A3FAD2C7-706F-45FC-8FB9-F0EC21092158}.Debug|Any CPU.ActiveCfg = Debug|Any CPU
		{A3FAD2C7-706F-45FC-8FB9-F0EC21092158}.Debug|Any CPU.Build.0 = Debug|Any CPU
		{A3FAD2C7-706F-45FC-8FB9-F0EC21092158}.Release|Any CPU.ActiveCfg = Release|Any CPU
		{A3FAD2C7-706F-45FC-8FB9-F0EC21092158}.Release|Any CPU.Build.0 = Release|Any CPU
	EndGlobalSection
	GlobalSection(SolutionProperties) = preSolution
		HideSolutionNode = FALSE
	EndGlobalSection
	GlobalSection(ExtensibilityGlobals) = postSolution
		SolutionGuid = {A6EF63CD-D6B3-4C07-81D7-6878A861A78B}
	EndGlobalSection
EndGlobal
